
Microsoft Visual Studio Solution File, Format Version 12.00
# Visual Studio 15
VisualStudioVersion = 15.0.27130.2010
MinimumVisualStudioVersion = 10.0.40219.1
Project("{9A19103F-16F7-4668-BE54-9A1E7A4F7556}") = "API", "API\API.csproj", "{F15DC84B-0127-4F98-A6A1-07FC2570F0C6}"
EndProject
Project("{9A19103F-16F7-4668-BE54-9A1E7A4F7556}") = "Data", "Data\Data.csproj", "{A311A857-4353-4BF1-A548-6F45099E8FD5}"
EndProject
Project("{9A19103F-16F7-4668-BE54-9A1E7A4F7556}") = "Core", "Core\Core.csproj", "{570766C4-5F55-4372-BA3B-777C2E9CC066}"
EndProject
Project("{9A19103F-16F7-4668-BE54-9A1E7A4F7556}") = "Business", "Business\Business.csproj", "{C27644D3-71EA-4CC8-A8DF-D8CC4EC342FD}"
EndProject
Project("{9A19103F-16F7-4668-BE54-9A1E7A4F7556}") = "TestAPI", "Test\TestAPI.csproj", "{6B31F436-0F46-43FA-9F39-F2A457E86FBF}"
EndProject
Project("{9A19103F-16F7-4668-BE54-9A1E7A4F7556}") = "TestConsole", "TestConsole\TestConsole.csproj", "{228A0010-7A59-448F-94A9-2CDB7B33DE5E}"
EndProject
Project("{9A19103F-16F7-4668-BE54-9A1E7A4F7556}") = "Infrastructure", "Infrastructure\Infrastructure.csproj", "{07C69CC1-C9EC-4B05-9912-8990A1F17A7C}"
EndProject
Project("{2150E333-8FDC-42A3-9474-1A3956D46DE8}") = "WebService", "WebService", "{7D43D0E0-2168-4E85-A8B9-D44AE3563DE3}"
EndProject
Project("{2150E333-8FDC-42A3-9474-1A3956D46DE8}") = "BotClient", "BotClient", "{F62ACD8D-9108-4D83-8570-BBD98698E309}"
EndProject
Project("{2150E333-8FDC-42A3-9474-1A3956D46DE8}") = "Common", "Common", "{7D802934-E530-48DF-BA52-62DF606DEA01}"
EndProject
Project("{FAE04EC0-301F-11D3-BF4B-00C04F79EFBC}") = "DTO", "DTO\DTO.csproj", "{D4A12E0C-80AB-4A68-A0B9-B2272EDDE970}"
EndProject
Project("{FAE04EC0-301F-11D3-BF4B-00C04F79EFBC}") = "Lark.Bot.CQA", "Lark.Bot.CQA\Lark.Bot.CQA.csproj", "{00A24665-A109-4868-9707-0D2301B29CAC}"
EndProject
Global
	GlobalSection(SolutionConfigurationPlatforms) = preSolution
		Debug|Any CPU = Debug|Any CPU
		Release|Any CPU = Release|Any CPU
	EndGlobalSection
	GlobalSection(ProjectConfigurationPlatforms) = postSolution
		{F15DC84B-0127-4F98-A6A1-07FC2570F0C6}.Debug|Any CPU.ActiveCfg = Debug|Any CPU
		{F15DC84B-0127-4F98-A6A1-07FC2570F0C6}.Debug|Any CPU.Build.0 = Debug|Any CPU
		{F15DC84B-0127-4F98-A6A1-07FC2570F0C6}.Release|Any CPU.ActiveCfg = Release|Any CPU
		{F15DC84B-0127-4F98-A6A1-07FC2570F0C6}.Release|Any CPU.Build.0 = Release|Any CPU
		{A311A857-4353-4BF1-A548-6F45099E8FD5}.Debug|Any CPU.ActiveCfg = Debug|Any CPU
		{A311A857-4353-4BF1-A548-6F45099E8FD5}.Debug|Any CPU.Build.0 = Debug|Any CPU
		{A311A857-4353-4BF1-A548-6F45099E8FD5}.Release|Any CPU.ActiveCfg = Release|Any CPU
		{A311A857-4353-4BF1-A548-6F45099E8FD5}.Release|Any CPU.Build.0 = Release|Any CPU
		{570766C4-5F55-4372-BA3B-777C2E9CC066}.Debug|Any CPU.ActiveCfg = Debug|Any CPU
		{570766C4-5F55-4372-BA3B-777C2E9CC066}.Debug|Any CPU.Build.0 = Debug|Any CPU
		{570766C4-5F55-4372-BA3B-777C2E9CC066}.Release|Any CPU.ActiveCfg = Release|Any CPU
		{570766C4-5F55-4372-BA3B-777C2E9CC066}.Release|Any CPU.Build.0 = Release|Any CPU
		{C27644D3-71EA-4CC8-A8DF-D8CC4EC342FD}.Debug|Any CPU.ActiveCfg = Debug|Any CPU
		{C27644D3-71EA-4CC8-A8DF-D8CC4EC342FD}.Debug|Any CPU.Build.0 = Debug|Any CPU
		{C27644D3-71EA-4CC8-A8DF-D8CC4EC342FD}.Release|Any CPU.ActiveCfg = Release|Any CPU
		{C27644D3-71EA-4CC8-A8DF-D8CC4EC342FD}.Release|Any CPU.Build.0 = Release|Any CPU
		{6B31F436-0F46-43FA-9F39-F2A457E86FBF}.Debug|Any CPU.ActiveCfg = Debug|Any CPU
		{6B31F436-0F46-43FA-9F39-F2A457E86FBF}.Debug|Any CPU.Build.0 = Debug|Any CPU
		{6B31F436-0F46-43FA-9F39-F2A457E86FBF}.Release|Any CPU.ActiveCfg = Release|Any CPU
		{6B31F436-0F46-43FA-9F39-F2A457E86FBF}.Release|Any CPU.Build.0 = Release|Any CPU
		{228A0010-7A59-448F-94A9-2CDB7B33DE5E}.Debug|Any CPU.ActiveCfg = Debug|Any CPU
		{228A0010-7A59-448F-94A9-2CDB7B33DE5E}.Debug|Any CPU.Build.0 = Debug|Any CPU
		{228A0010-7A59-448F-94A9-2CDB7B33DE5E}.Release|Any CPU.ActiveCfg = Release|Any CPU
		{228A0010-7A59-448F-94A9-2CDB7B33DE5E}.Release|Any CPU.Build.0 = Release|Any CPU
		{07C69CC1-C9EC-4B05-9912-8990A1F17A7C}.Debug|Any CPU.ActiveCfg = Debug|Any CPU
		{07C69CC1-C9EC-4B05-9912-8990A1F17A7C}.Debug|Any CPU.Build.0 = Debug|Any CPU
		{07C69CC1-C9EC-4B05-9912-8990A1F17A7C}.Release|Any CPU.ActiveCfg = Release|Any CPU
		{07C69CC1-C9EC-4B05-9912-8990A1F17A7C}.Release|Any CPU.Build.0 = Release|Any CPU
		{D4A12E0C-80AB-4A68-A0B9-B2272EDDE970}.Debug|Any CPU.ActiveCfg = Debug|Any CPU
		{D4A12E0C-80AB-4A68-A0B9-B2272EDDE970}.Debug|Any CPU.Build.0 = Debug|Any CPU
		{D4A12E0C-80AB-4A68-A0B9-B2272EDDE970}.Release|Any CPU.ActiveCfg = Release|Any CPU
		{D4A12E0C-80AB-4A68-A0B9-B2272EDDE970}.Release|Any CPU.Build.0 = Release|Any CPU
		{00A24665-A109-4868-9707-0D2301B29CAC}.Debug|Any CPU.ActiveCfg = Debug|Any CPU
		{00A24665-A109-4868-9707-0D2301B29CAC}.Debug|Any CPU.Build.0 = Debug|Any CPU
		{00A24665-A109-4868-9707-0D2301B29CAC}.Release|Any CPU.ActiveCfg = Release|Any CPU
		{00A24665-A109-4868-9707-0D2301B29CAC}.Release|Any CPU.Build.0 = Release|Any CPU
	EndGlobalSection
	GlobalSection(SolutionProperties) = preSolution
		HideSolutionNode = FALSE
	EndGlobalSection
	GlobalSection(NestedProjects) = preSolution
		{F15DC84B-0127-4F98-A6A1-07FC2570F0C6} = {7D43D0E0-2168-4E85-A8B9-D44AE3563DE3}
		{A311A857-4353-4BF1-A548-6F45099E8FD5} = {7D43D0E0-2168-4E85-A8B9-D44AE3563DE3}
		{570766C4-5F55-4372-BA3B-777C2E9CC066} = {7D43D0E0-2168-4E85-A8B9-D44AE3563DE3}
		{C27644D3-71EA-4CC8-A8DF-D8CC4EC342FD} = {7D43D0E0-2168-4E85-A8B9-D44AE3563DE3}
		{6B31F436-0F46-43FA-9F39-F2A457E86FBF} = {7D43D0E0-2168-4E85-A8B9-D44AE3563DE3}
		{228A0010-7A59-448F-94A9-2CDB7B33DE5E} = {7D43D0E0-2168-4E85-A8B9-D44AE3563DE3}
		{07C69CC1-C9EC-4B05-9912-8990A1F17A7C} = {7D43D0E0-2168-4E85-A8B9-D44AE3563DE3}
		{D4A12E0C-80AB-4A68-A0B9-B2272EDDE970} = {7D802934-E530-48DF-BA52-62DF606DEA01}
		{00A24665-A109-4868-9707-0D2301B29CAC} = {F62ACD8D-9108-4D83-8570-BBD98698E309}
	EndGlobalSection
	GlobalSection(ExtensibilityGlobals) = postSolution
		SolutionGuid = {4C8184C9-D3CE-4759-9A4B-09BF2A055A2D}
	EndGlobalSection
EndGlobal
